// !$*UTF8*$!
{
	archiveVersion = 1;
	classes = {
	};
	objectVersion = 60;
	objects = {

/* Begin PBXBuildFile section */
		60EFEA75A07B97D97A15ADDA /* Pods_PtitSocialMedia.framework in Frameworks */ = {isa = PBXBuildFile; fileRef = B83B9F43CD18B1D4B8D58066 /* Pods_PtitSocialMedia.framework */; };
		A10D7A5E2DE698E0009D8E5E /* NotificationModel.swift in Sources */ = {isa = PBXBuildFile; fileRef = A10D7A5D2DE698E0009D8E5E /* NotificationModel.swift */; };
		A124201A2DACBC96009FFB6F /* FeedPostTableViewCell.swift in Sources */ = {isa = PBXBuildFile; fileRef = A12420182DACBC96009FFB6F /* FeedPostTableViewCell.swift */; };
		A124201F2DACC0C7009FFB6F /* FeedPostHeaderTableViewCell.swift in Sources */ = {isa = PBXBuildFile; fileRef = A124201E2DACC0C7009FFB6F /* FeedPostHeaderTableViewCell.swift */; };
		A12420212DACC0E2009FFB6F /* FeedPostActionsTableViewCell.swift in Sources */ = {isa = PBXBuildFile; fileRef = A12420202DACC0E2009FFB6F /* FeedPostActionsTableViewCell.swift */; };
		A12420232DACC0FB009FFB6F /* FeedPostGeneralTableViewCell.swift in Sources */ = {isa = PBXBuildFile; fileRef = A12420222DACC0FB009FFB6F /* FeedPostGeneralTableViewCell.swift */; };
		A127BCAE2DBBE9D500847A63 /* UserFollowTableViewCell.swift in Sources */ = {isa = PBXBuildFile; fileRef = A127BCAD2DBBE9D500847A63 /* UserFollowTableViewCell.swift */; };
		A127BCB02DBDD51200847A63 /* NoNotificationsView.swift in Sources */ = {isa = PBXBuildFile; fileRef = A127BCAF2DBDD51200847A63 /* NoNotificationsView.swift */; };
		A127BCB32DBDDF2A00847A63 /* NotificationFollowEventTableViewCell.swift in Sources */ = {isa = PBXBuildFile; fileRef = A127BCB22DBDDF2A00847A63 /* NotificationFollowEventTableViewCell.swift */; };
		A127BCB52DBDDF4300847A63 /* NotificationLikeEventTableViewCell.swift in Sources */ = {isa = PBXBuildFile; fileRef = A127BCB42DBDDF4300847A63 /* NotificationLikeEventTableViewCell.swift */; };
		A13147AE2DB162610003FE72 /* FormTableViewCell.swift in Sources */ = {isa = PBXBuildFile; fileRef = A13147AD2DB162610003FE72 /* FormTableViewCell.swift */; };
		A13147B32DB3FF440003FE72 /* PhotoCollectionViewCell.swift in Sources */ = {isa = PBXBuildFile; fileRef = A13147B22DB3FF440003FE72 /* PhotoCollectionViewCell.swift */; };
		A13147B52DB4002C0003FE72 /* ProfileInfoHeaderCollectionReusableView.swift in Sources */ = {isa = PBXBuildFile; fileRef = A13147B42DB4002C0003FE72 /* ProfileInfoHeaderCollectionReusableView.swift */; };
		A13147B72DB400720003FE72 /* ProfileTabsCollectionReusableView.swift in Sources */ = {isa = PBXBuildFile; fileRef = A13147B62DB400720003FE72 /* ProfileTabsCollectionReusableView.swift */; };
		A13147BB2DB4A1440003FE72 /* PostModel.swift in Sources */ = {isa = PBXBuildFile; fileRef = A13147BA2DB4A1440003FE72 /* PostModel.swift */; };
		A14BB9902D96449F001B8B79 /* ExploreViewController.swift in Sources */ = {isa = PBXBuildFile; fileRef = A14BB98F2D96449F001B8B79 /* ExploreViewController.swift */; };
		A14BB9922D9644AF001B8B79 /* CameraViewController.swift in Sources */ = {isa = PBXBuildFile; fileRef = A14BB9912D9644AF001B8B79 /* CameraViewController.swift */; };
		A14BB9942D9644C5001B8B79 /* NotificationsViewController.swift in Sources */ = {isa = PBXBuildFile; fileRef = A14BB9932D9644C5001B8B79 /* NotificationsViewController.swift */; };
		A14BB9962D9644E1001B8B79 /* ProfileViewController.swift in Sources */ = {isa = PBXBuildFile; fileRef = A14BB9952D9644E1001B8B79 /* ProfileViewController.swift */; };
		A14BB99B2D964541001B8B79 /* LoginViewController.swift in Sources */ = {isa = PBXBuildFile; fileRef = A14BB99A2D964541001B8B79 /* LoginViewController.swift */; };
		A14BB99D2D96455B001B8B79 /* RegistrationViewController.swift in Sources */ = {isa = PBXBuildFile; fileRef = A14BB99C2D96455B001B8B79 /* RegistrationViewController.swift */; };
		A14BB99F2D96457D001B8B79 /* PostViewController.swift in Sources */ = {isa = PBXBuildFile; fileRef = A14BB99E2D96457D001B8B79 /* PostViewController.swift */; };
		A14BB9A12D96459C001B8B79 /* EditProfileViewController.swift in Sources */ = {isa = PBXBuildFile; fileRef = A14BB9A02D96459C001B8B79 /* EditProfileViewController.swift */; };
		A14BB9A32D9645B0001B8B79 /* SettingsViewController.swift in Sources */ = {isa = PBXBuildFile; fileRef = A14BB9A22D9645B0001B8B79 /* SettingsViewController.swift */; };
		A14BB9A52D9645CB001B8B79 /* ListViewController.swift in Sources */ = {isa = PBXBuildFile; fileRef = A14BB9A42D9645CB001B8B79 /* ListViewController.swift */; };
		A14BB9A72D9645E1001B8B79 /* SearchViewController.swift in Sources */ = {isa = PBXBuildFile; fileRef = A14BB9A62D9645E1001B8B79 /* SearchViewController.swift */; };
		A14BB9AB2D9646A8001B8B79 /* PostEditorViewController.swift in Sources */ = {isa = PBXBuildFile; fileRef = A14BB9AA2D9646A8001B8B79 /* PostEditorViewController.swift */; };
		A14BB9AF2D965571001B8B79 /* GoogleService-Info.plist in Resources */ = {isa = PBXBuildFile; fileRef = A14BB9AE2D965571001B8B79 /* GoogleService-Info.plist */; };
		A1535CCF2DF8784100A69D26 /* HomeFeedRenderViewModel.swift in Sources */ = {isa = PBXBuildFile; fileRef = A1535CCE2DF8784100A69D26 /* HomeFeedRenderViewModel.swift */; };
		A16557042D95B6CE004C05FA /* AppDelegate.swift in Sources */ = {isa = PBXBuildFile; fileRef = A16557032D95B6CE004C05FA /* AppDelegate.swift */; };
		A16557062D95B6CE004C05FA /* SceneDelegate.swift in Sources */ = {isa = PBXBuildFile; fileRef = A16557052D95B6CE004C05FA /* SceneDelegate.swift */; };
		A16557082D95B6CE004C05FA /* HomeViewController.swift in Sources */ = {isa = PBXBuildFile; fileRef = A16557072D95B6CE004C05FA /* HomeViewController.swift */; };
		A165570B2D95B6CE004C05FA /* Main.storyboard in Resources */ = {isa = PBXBuildFile; fileRef = A16557092D95B6CE004C05FA /* Main.storyboard */; };
		A165570D2D95B6D0004C05FA /* Assets.xcassets in Resources */ = {isa = PBXBuildFile; fileRef = A165570C2D95B6D0004C05FA /* Assets.xcassets */; };
		A16557102D95B6D0004C05FA /* LaunchScreen.storyboard in Resources */ = {isa = PBXBuildFile; fileRef = A165570E2D95B6D0004C05FA /* LaunchScreen.storyboard */; };
		A165571B2D95B6D1004C05FA /* PtitSocialMediaTests.swift in Sources */ = {isa = PBXBuildFile; fileRef = A165571A2D95B6D1004C05FA /* PtitSocialMediaTests.swift */; };
		A16557252D95B6D1004C05FA /* PtitSocialMediaUITests.swift in Sources */ = {isa = PBXBuildFile; fileRef = A16557242D95B6D1004C05FA /* PtitSocialMediaUITests.swift */; };
		A16557272D95B6D1004C05FA /* PtitSocialMediaUITestsLaunchTests.swift in Sources */ = {isa = PBXBuildFile; fileRef = A16557262D95B6D1004C05FA /* PtitSocialMediaUITestsLaunchTests.swift */; };
		A177F3472DCD101C001A6F98 /* CommentViewController.swift in Sources */ = {isa = PBXBuildFile; fileRef = A177F3462DCD101C001A6F98 /* CommentViewController.swift */; };
		A191ACAC2D96919100E004E0 /* DatabaseManager.swift in Sources */ = {isa = PBXBuildFile; fileRef = A191ACAB2D96919100E004E0 /* DatabaseManager.swift */; };
		A191ACAE2D96938900E004E0 /* AuthManager.swift in Sources */ = {isa = PBXBuildFile; fileRef = A191ACAD2D96938900E004E0 /* AuthManager.swift */; };
		A191ACB22D96A52100E004E0 /* Extentions.swift in Sources */ = {isa = PBXBuildFile; fileRef = A191ACB12D96A52100E004E0 /* Extentions.swift */; };
		A1F84A6B2DEAFC5C00E70D30 /* StorageManager.swift in Sources */ = {isa = PBXBuildFile; fileRef = A1F84A6A2DEAFC5C00E70D30 /* StorageManager.swift */; };
		A1F84A6D2DEB1A7200E70D30 /* EditProfileModel.swift in Sources */ = {isa = PBXBuildFile; fileRef = A1F84A6C2DEB1A7200E70D30 /* EditProfileModel.swift */; };
		A1F84A6F2DEC4AC000E70D30 /* UserModel.swift in Sources */ = {isa = PBXBuildFile; fileRef = A1F84A6E2DEC4AC000E70D30 /* UserModel.swift */; };
		A1F84A712DEC867700E70D30 /* PostRenderViewModel.swift in Sources */ = {isa = PBXBuildFile; fileRef = A1F84A702DEC867700E70D30 /* PostRenderViewModel.swift */; };
/* End PBXBuildFile section */

/* Begin PBXContainerItemProxy section */
		A16557172D95B6D1004C05FA /* PBXContainerItemProxy */ = {
			isa = PBXContainerItemProxy;
			containerPortal = A16556F82D95B6CE004C05FA /* Project object */;
			proxyType = 1;
			remoteGlobalIDString = A16556FF2D95B6CE004C05FA;
			remoteInfo = PtitSocialMedia;
		};
		A16557212D95B6D1004C05FA /* PBXContainerItemProxy */ = {
			isa = PBXContainerItemProxy;
			containerPortal = A16556F82D95B6CE004C05FA /* Project object */;
			proxyType = 1;
			remoteGlobalIDString = A16556FF2D95B6CE004C05FA;
			remoteInfo = PtitSocialMedia;
		};
/* End PBXContainerItemProxy section */

/* Begin PBXFileReference section */
		3DC9A5FDE2903FF3243FAB0E /* Pods-PtitSocialMedia.debug.xcconfig */ = {isa = PBXFileReference; includeInIndex = 1; lastKnownFileType = text.xcconfig; name = "Pods-PtitSocialMedia.debug.xcconfig"; path = "Target Support Files/Pods-PtitSocialMedia/Pods-PtitSocialMedia.debug.xcconfig"; sourceTree = "<group>"; };
		7B30ECC4B1324572671565DF /* Pods-PtitSocialMedia.release.xcconfig */ = {isa = PBXFileReference; includeInIndex = 1; lastKnownFileType = text.xcconfig; name = "Pods-PtitSocialMedia.release.xcconfig"; path = "Target Support Files/Pods-PtitSocialMedia/Pods-PtitSocialMedia.release.xcconfig"; sourceTree = "<group>"; };
		A10D7A5D2DE698E0009D8E5E /* NotificationModel.swift */ = {isa = PBXFileReference; lastKnownFileType = sourcecode.swift; path = NotificationModel.swift; sourceTree = "<group>"; };
		A12420182DACBC96009FFB6F /* FeedPostTableViewCell.swift */ = {isa = PBXFileReference; lastKnownFileType = sourcecode.swift; path = FeedPostTableViewCell.swift; sourceTree = "<group>"; };
		A124201E2DACC0C7009FFB6F /* FeedPostHeaderTableViewCell.swift */ = {isa = PBXFileReference; lastKnownFileType = sourcecode.swift; path = FeedPostHeaderTableViewCell.swift; sourceTree = "<group>"; };
		A12420202DACC0E2009FFB6F /* FeedPostActionsTableViewCell.swift */ = {isa = PBXFileReference; lastKnownFileType = sourcecode.swift; path = FeedPostActionsTableViewCell.swift; sourceTree = "<group>"; };
		A12420222DACC0FB009FFB6F /* FeedPostGeneralTableViewCell.swift */ = {isa = PBXFileReference; lastKnownFileType = sourcecode.swift; path = FeedPostGeneralTableViewCell.swift; sourceTree = "<group>"; };
		A127BCAD2DBBE9D500847A63 /* UserFollowTableViewCell.swift */ = {isa = PBXFileReference; lastKnownFileType = sourcecode.swift; path = UserFollowTableViewCell.swift; sourceTree = "<group>"; };
		A127BCAF2DBDD51200847A63 /* NoNotificationsView.swift */ = {isa = PBXFileReference; lastKnownFileType = sourcecode.swift; path = NoNotificationsView.swift; sourceTree = "<group>"; };
		A127BCB22DBDDF2A00847A63 /* NotificationFollowEventTableViewCell.swift */ = {isa = PBXFileReference; lastKnownFileType = sourcecode.swift; path = NotificationFollowEventTableViewCell.swift; sourceTree = "<group>"; };
		A127BCB42DBDDF4300847A63 /* NotificationLikeEventTableViewCell.swift */ = {isa = PBXFileReference; lastKnownFileType = sourcecode.swift; path = NotificationLikeEventTableViewCell.swift; sourceTree = "<group>"; };
		A13147AD2DB162610003FE72 /* FormTableViewCell.swift */ = {isa = PBXFileReference; lastKnownFileType = sourcecode.swift; path = FormTableViewCell.swift; sourceTree = "<group>"; };
		A13147B22DB3FF440003FE72 /* PhotoCollectionViewCell.swift */ = {isa = PBXFileReference; lastKnownFileType = sourcecode.swift; path = PhotoCollectionViewCell.swift; sourceTree = "<group>"; };
		A13147B42DB4002C0003FE72 /* ProfileInfoHeaderCollectionReusableView.swift */ = {isa = PBXFileReference; lastKnownFileType = sourcecode.swift; path = ProfileInfoHeaderCollectionReusableView.swift; sourceTree = "<group>"; };
		A13147B62DB400720003FE72 /* ProfileTabsCollectionReusableView.swift */ = {isa = PBXFileReference; lastKnownFileType = sourcecode.swift; path = ProfileTabsCollectionReusableView.swift; sourceTree = "<group>"; };
		A13147BA2DB4A1440003FE72 /* PostModel.swift */ = {isa = PBXFileReference; lastKnownFileType = sourcecode.swift; path = PostModel.swift; sourceTree = "<group>"; };
		A14BB98F2D96449F001B8B79 /* ExploreViewController.swift */ = {isa = PBXFileReference; lastKnownFileType = sourcecode.swift; path = ExploreViewController.swift; sourceTree = "<group>"; };
		A14BB9912D9644AF001B8B79 /* CameraViewController.swift */ = {isa = PBXFileReference; lastKnownFileType = sourcecode.swift; path = CameraViewController.swift; sourceTree = "<group>"; };
		A14BB9932D9644C5001B8B79 /* NotificationsViewController.swift */ = {isa = PBXFileReference; lastKnownFileType = sourcecode.swift; path = NotificationsViewController.swift; sourceTree = "<group>"; };
		A14BB9952D9644E1001B8B79 /* ProfileViewController.swift */ = {isa = PBXFileReference; lastKnownFileType = sourcecode.swift; path = ProfileViewController.swift; sourceTree = "<group>"; };
		A14BB99A2D964541001B8B79 /* LoginViewController.swift */ = {isa = PBXFileReference; lastKnownFileType = sourcecode.swift; path = LoginViewController.swift; sourceTree = "<group>"; };
		A14BB99C2D96455B001B8B79 /* RegistrationViewController.swift */ = {isa = PBXFileReference; lastKnownFileType = sourcecode.swift; path = RegistrationViewController.swift; sourceTree = "<group>"; };
		A14BB99E2D96457D001B8B79 /* PostViewController.swift */ = {isa = PBXFileReference; lastKnownFileType = sourcecode.swift; path = PostViewController.swift; sourceTree = "<group>"; };
		A14BB9A02D96459C001B8B79 /* EditProfileViewController.swift */ = {isa = PBXFileReference; lastKnownFileType = sourcecode.swift; path = EditProfileViewController.swift; sourceTree = "<group>"; };
		A14BB9A22D9645B0001B8B79 /* SettingsViewController.swift */ = {isa = PBXFileReference; lastKnownFileType = sourcecode.swift; path = SettingsViewController.swift; sourceTree = "<group>"; };
		A14BB9A42D9645CB001B8B79 /* ListViewController.swift */ = {isa = PBXFileReference; lastKnownFileType = sourcecode.swift; path = ListViewController.swift; sourceTree = "<group>"; };
		A14BB9A62D9645E1001B8B79 /* SearchViewController.swift */ = {isa = PBXFileReference; lastKnownFileType = sourcecode.swift; path = SearchViewController.swift; sourceTree = "<group>"; };
		A14BB9AA2D9646A8001B8B79 /* PostEditorViewController.swift */ = {isa = PBXFileReference; lastKnownFileType = sourcecode.swift; path = PostEditorViewController.swift; sourceTree = "<group>"; };
		A14BB9AE2D965571001B8B79 /* GoogleService-Info.plist */ = {isa = PBXFileReference; fileEncoding = 4; lastKnownFileType = text.plist.xml; path = "GoogleService-Info.plist"; sourceTree = "<group>"; };
		A1535CCE2DF8784100A69D26 /* HomeFeedRenderViewModel.swift */ = {isa = PBXFileReference; lastKnownFileType = sourcecode.swift; path = HomeFeedRenderViewModel.swift; sourceTree = "<group>"; };
		A16557002D95B6CE004C05FA /* PtitSocialMedia.app */ = {isa = PBXFileReference; explicitFileType = wrapper.application; includeInIndex = 0; path = PtitSocialMedia.app; sourceTree = BUILT_PRODUCTS_DIR; };
		A16557032D95B6CE004C05FA /* AppDelegate.swift */ = {isa = PBXFileReference; lastKnownFileType = sourcecode.swift; path = AppDelegate.swift; sourceTree = "<group>"; };
		A16557052D95B6CE004C05FA /* SceneDelegate.swift */ = {isa = PBXFileReference; lastKnownFileType = sourcecode.swift; path = SceneDelegate.swift; sourceTree = "<group>"; };
		A16557072D95B6CE004C05FA /* HomeViewController.swift */ = {isa = PBXFileReference; lastKnownFileType = sourcecode.swift; path = HomeViewController.swift; sourceTree = "<group>"; };
		A165570A2D95B6CE004C05FA /* Base */ = {isa = PBXFileReference; lastKnownFileType = file.storyboard; name = Base; path = Base.lproj/Main.storyboard; sourceTree = "<group>"; };
		A165570C2D95B6D0004C05FA /* Assets.xcassets */ = {isa = PBXFileReference; lastKnownFileType = folder.assetcatalog; path = Assets.xcassets; sourceTree = "<group>"; };
		A165570F2D95B6D0004C05FA /* Base */ = {isa = PBXFileReference; lastKnownFileType = file.storyboard; name = Base; path = Base.lproj/LaunchScreen.storyboard; sourceTree = "<group>"; };
		A16557112D95B6D0004C05FA /* Info.plist */ = {isa = PBXFileReference; lastKnownFileType = text.plist.xml; path = Info.plist; sourceTree = "<group>"; };
		A16557162D95B6D1004C05FA /* PtitSocialMediaTests.xctest */ = {isa = PBXFileReference; explicitFileType = wrapper.cfbundle; includeInIndex = 0; path = PtitSocialMediaTests.xctest; sourceTree = BUILT_PRODUCTS_DIR; };
		A165571A2D95B6D1004C05FA /* PtitSocialMediaTests.swift */ = {isa = PBXFileReference; lastKnownFileType = sourcecode.swift; path = PtitSocialMediaTests.swift; sourceTree = "<group>"; };
		A16557202D95B6D1004C05FA /* PtitSocialMediaUITests.xctest */ = {isa = PBXFileReference; explicitFileType = wrapper.cfbundle; includeInIndex = 0; path = PtitSocialMediaUITests.xctest; sourceTree = BUILT_PRODUCTS_DIR; };
		A16557242D95B6D1004C05FA /* PtitSocialMediaUITests.swift */ = {isa = PBXFileReference; lastKnownFileType = sourcecode.swift; path = PtitSocialMediaUITests.swift; sourceTree = "<group>"; };
		A16557262D95B6D1004C05FA /* PtitSocialMediaUITestsLaunchTests.swift */ = {isa = PBXFileReference; lastKnownFileType = sourcecode.swift; path = PtitSocialMediaUITestsLaunchTests.swift; sourceTree = "<group>"; };
		A177F3462DCD101C001A6F98 /* CommentViewController.swift */ = {isa = PBXFileReference; lastKnownFileType = sourcecode.swift; path = CommentViewController.swift; sourceTree = "<group>"; };
		A191ACAB2D96919100E004E0 /* DatabaseManager.swift */ = {isa = PBXFileReference; lastKnownFileType = sourcecode.swift; path = DatabaseManager.swift; sourceTree = "<group>"; };
		A191ACAD2D96938900E004E0 /* AuthManager.swift */ = {isa = PBXFileReference; lastKnownFileType = sourcecode.swift; path = AuthManager.swift; sourceTree = "<group>"; };
		A191ACB12D96A52100E004E0 /* Extentions.swift */ = {isa = PBXFileReference; lastKnownFileType = sourcecode.swift; path = Extentions.swift; sourceTree = "<group>"; };
		A1F84A6A2DEAFC5C00E70D30 /* StorageManager.swift */ = {isa = PBXFileReference; lastKnownFileType = sourcecode.swift; path = StorageManager.swift; sourceTree = "<group>"; };
		A1F84A6C2DEB1A7200E70D30 /* EditProfileModel.swift */ = {isa = PBXFileReference; lastKnownFileType = sourcecode.swift; path = EditProfileModel.swift; sourceTree = "<group>"; };
		A1F84A6E2DEC4AC000E70D30 /* UserModel.swift */ = {isa = PBXFileReference; lastKnownFileType = sourcecode.swift; path = UserModel.swift; sourceTree = "<group>"; };
		A1F84A702DEC867700E70D30 /* PostRenderViewModel.swift */ = {isa = PBXFileReference; lastKnownFileType = sourcecode.swift; path = PostRenderViewModel.swift; sourceTree = "<group>"; };
		B83B9F43CD18B1D4B8D58066 /* Pods_PtitSocialMedia.framework */ = {isa = PBXFileReference; explicitFileType = wrapper.framework; includeInIndex = 0; path = Pods_PtitSocialMedia.framework; sourceTree = BUILT_PRODUCTS_DIR; };
/* End PBXFileReference section */

/* Begin PBXFrameworksBuildPhase section */
		A16556FD2D95B6CE004C05FA /* Frameworks */ = {
			isa = PBXFrameworksBuildPhase;
			buildActionMask = 2147483647;
			files = (
				60EFEA75A07B97D97A15ADDA /* Pods_PtitSocialMedia.framework in Frameworks */,
			);
			runOnlyForDeploymentPostprocessing = 0;
		};
		A16557132D95B6D1004C05FA /* Frameworks */ = {
			isa = PBXFrameworksBuildPhase;
			buildActionMask = 2147483647;
			files = (
			);
			runOnlyForDeploymentPostprocessing = 0;
		};
		A165571D2D95B6D1004C05FA /* Frameworks */ = {
			isa = PBXFrameworksBuildPhase;
			buildActionMask = 2147483647;
			files = (
			);
			runOnlyForDeploymentPostprocessing = 0;
		};
/* End PBXFrameworksBuildPhase section */

/* Begin PBXGroup section */
		40E3B9ABB4903FD2AA51C3CA /* Pods */ = {
			isa = PBXGroup;
			children = (
				3DC9A5FDE2903FF3243FAB0E /* Pods-PtitSocialMedia.debug.xcconfig */,
				7B30ECC4B1324572671565DF /* Pods-PtitSocialMedia.release.xcconfig */,
			);
			path = Pods;
			sourceTree = "<group>";
		};
		4D382E52891076BF341998A0 /* Frameworks */ = {
			isa = PBXGroup;
			children = (
				B83B9F43CD18B1D4B8D58066 /* Pods_PtitSocialMedia.framework */,
			);
			name = Frameworks;
			sourceTree = "<group>";
		};
		A12420172DACBC5E009FFB6F /* Cells */ = {
			isa = PBXGroup;
			children = (
				A1DB1E242DC4D23400F492AC /* Hom Feed & Post */,
				A127BCB12DBDDEE700847A63 /* Notifications */,
				A13147AD2DB162610003FE72 /* FormTableViewCell.swift */,
				A13147B22DB3FF440003FE72 /* PhotoCollectionViewCell.swift */,
				A127BCAD2DBBE9D500847A63 /* UserFollowTableViewCell.swift */,
			);
			path = Cells;
			sourceTree = "<group>";
		};
		A127BCB12DBDDEE700847A63 /* Notifications */ = {
			isa = PBXGroup;
			children = (
				A127BCB22DBDDF2A00847A63 /* NotificationFollowEventTableViewCell.swift */,
				A127BCB42DBDDF4300847A63 /* NotificationLikeEventTableViewCell.swift */,
			);
			path = Notifications;
			sourceTree = "<group>";
		};
		A13147AF2DB3FE8D0003FE72 /* Profile Headers */ = {
			isa = PBXGroup;
			children = (
				A13147B42DB4002C0003FE72 /* ProfileInfoHeaderCollectionReusableView.swift */,
				A13147B62DB400720003FE72 /* ProfileTabsCollectionReusableView.swift */,
			);
			path = "Profile Headers";
			sourceTree = "<group>";
		};
		A14BB98A2D964375001B8B79 /* Models */ = {
			isa = PBXGroup;
			children = (
				A13147BA2DB4A1440003FE72 /* PostModel.swift */,
				A10D7A5D2DE698E0009D8E5E /* NotificationModel.swift */,
				A1F84A6E2DEC4AC000E70D30 /* UserModel.swift */,
				A1535CD12DF878B200A69D26 /* Others */,
			);
			path = Models;
			sourceTree = "<group>";
		};
		A14BB98B2D964380001B8B79 /* Views */ = {
			isa = PBXGroup;
			children = (
				A13147AF2DB3FE8D0003FE72 /* Profile Headers */,
				A12420172DACBC5E009FFB6F /* Cells */,
				A165570C2D95B6D0004C05FA /* Assets.xcassets */,
				A14BB98E2D9643DA001B8B79 /* Storyboards */,
				A127BCAF2DBDD51200847A63 /* NoNotificationsView.swift */,
			);
			path = Views;
			sourceTree = "<group>";
		};
		A14BB98C2D96438A001B8B79 /* Contronllers */ = {
			isa = PBXGroup;
			children = (
				A14BB9982D964514001B8B79 /* Other */,
				A14BB9972D9644EB001B8B79 /* Core tabs */,
			);
			path = Contronllers;
			sourceTree = "<group>";
		};
		A14BB98D2D964397001B8B79 /* Services */ = {
			isa = PBXGroup;
			children = (
				A14BB9AE2D965571001B8B79 /* GoogleService-Info.plist */,
				A191ACAB2D96919100E004E0 /* DatabaseManager.swift */,
				A191ACAD2D96938900E004E0 /* AuthManager.swift */,
				A191ACB12D96A52100E004E0 /* Extentions.swift */,
				A1F84A6A2DEAFC5C00E70D30 /* StorageManager.swift */,
			);
			path = Services;
			sourceTree = "<group>";
		};
		A14BB98E2D9643DA001B8B79 /* Storyboards */ = {
			isa = PBXGroup;
			children = (
				A16557092D95B6CE004C05FA /* Main.storyboard */,
				A165570E2D95B6D0004C05FA /* LaunchScreen.storyboard */,
			);
			path = Storyboards;
			sourceTree = "<group>";
		};
		A14BB9972D9644EB001B8B79 /* Core tabs */ = {
			isa = PBXGroup;
			children = (
				A16557072D95B6CE004C05FA /* HomeViewController.swift */,
				A14BB98F2D96449F001B8B79 /* ExploreViewController.swift */,
				A14BB9912D9644AF001B8B79 /* CameraViewController.swift */,
				A14BB9932D9644C5001B8B79 /* NotificationsViewController.swift */,
				A14BB9952D9644E1001B8B79 /* ProfileViewController.swift */,
			);
			path = "Core tabs";
			sourceTree = "<group>";
		};
		A14BB9982D964514001B8B79 /* Other */ = {
			isa = PBXGroup;
			children = (
				A14BB9992D96452A001B8B79 /* Onboarding */,
				A14BB99E2D96457D001B8B79 /* PostViewController.swift */,
				A14BB9A02D96459C001B8B79 /* EditProfileViewController.swift */,
				A14BB9A22D9645B0001B8B79 /* SettingsViewController.swift */,
				A14BB9A42D9645CB001B8B79 /* ListViewController.swift */,
				A14BB9A62D9645E1001B8B79 /* SearchViewController.swift */,
				A14BB9AA2D9646A8001B8B79 /* PostEditorViewController.swift */,
				A177F3462DCD101C001A6F98 /* CommentViewController.swift */,
			);
			path = Other;
			sourceTree = "<group>";
		};
		A14BB9992D96452A001B8B79 /* Onboarding */ = {
			isa = PBXGroup;
			children = (
				A14BB99A2D964541001B8B79 /* LoginViewController.swift */,
				A14BB99C2D96455B001B8B79 /* RegistrationViewController.swift */,
			);
			path = Onboarding;
			sourceTree = "<group>";
		};
		A1535CD12DF878B200A69D26 /* Others */ = {
			isa = PBXGroup;
			children = (
				A1F84A6C2DEB1A7200E70D30 /* EditProfileModel.swift */,
				A1F84A702DEC867700E70D30 /* PostRenderViewModel.swift */,
				A1535CCE2DF8784100A69D26 /* HomeFeedRenderViewModel.swift */,
			);
			path = Others;
			sourceTree = "<group>";
		};
		A16556F72D95B6CE004C05FA = {
			isa = PBXGroup;
			children = (
				A16557022D95B6CE004C05FA /* PtitSocialMedia */,
				A16557192D95B6D1004C05FA /* PtitSocialMediaTests */,
				A16557232D95B6D1004C05FA /* PtitSocialMediaUITests */,
				A16557012D95B6CE004C05FA /* Products */,
				40E3B9ABB4903FD2AA51C3CA /* Pods */,
				4D382E52891076BF341998A0 /* Frameworks */,
			);
			sourceTree = "<group>";
		};
		A16557012D95B6CE004C05FA /* Products */ = {
			isa = PBXGroup;
			children = (
				A16557002D95B6CE004C05FA /* PtitSocialMedia.app */,
				A16557162D95B6D1004C05FA /* PtitSocialMediaTests.xctest */,
				A16557202D95B6D1004C05FA /* PtitSocialMediaUITests.xctest */,
			);
			name = Products;
			sourceTree = "<group>";
		};
		A16557022D95B6CE004C05FA /* PtitSocialMedia */ = {
			isa = PBXGroup;
			children = (
				A16557032D95B6CE004C05FA /* AppDelegate.swift */,
				A16557052D95B6CE004C05FA /* SceneDelegate.swift */,
				A14BB98D2D964397001B8B79 /* Services */,
				A14BB98A2D964375001B8B79 /* Models */,
				A14BB98B2D964380001B8B79 /* Views */,
				A14BB98C2D96438A001B8B79 /* Contronllers */,
				A16557112D95B6D0004C05FA /* Info.plist */,
			);
			path = PtitSocialMedia;
			sourceTree = "<group>";
		};
		A16557192D95B6D1004C05FA /* PtitSocialMediaTests */ = {
			isa = PBXGroup;
			children = (
				A165571A2D95B6D1004C05FA /* PtitSocialMediaTests.swift */,
			);
			path = PtitSocialMediaTests;
			sourceTree = "<group>";
		};
		A16557232D95B6D1004C05FA /* PtitSocialMediaUITests */ = {
			isa = PBXGroup;
			children = (
				A16557242D95B6D1004C05FA /* PtitSocialMediaUITests.swift */,
				A16557262D95B6D1004C05FA /* PtitSocialMediaUITestsLaunchTests.swift */,
			);
			path = PtitSocialMediaUITests;
			sourceTree = "<group>";
		};
		A1DB1E242DC4D23400F492AC /* Hom Feed & Post */ = {
			isa = PBXGroup;
			children = (
				A12420182DACBC96009FFB6F /* FeedPostTableViewCell.swift */,
				A124201E2DACC0C7009FFB6F /* FeedPostHeaderTableViewCell.swift */,
				A12420202DACC0E2009FFB6F /* FeedPostActionsTableViewCell.swift */,
				A12420222DACC0FB009FFB6F /* FeedPostGeneralTableViewCell.swift */,
			);
			path = "Hom Feed & Post";
			sourceTree = "<group>";
		};
/* End PBXGroup section */

/* Begin PBXNativeTarget section */
		A16556FF2D95B6CE004C05FA /* PtitSocialMedia */ = {
			isa = PBXNativeTarget;
			buildConfigurationList = A165572A2D95B6D1004C05FA /* Build configuration list for PBXNativeTarget "PtitSocialMedia" */;
			buildPhases = (
				09AFDFD2305191D2BAA84D61 /* [CP] Check Pods Manifest.lock */,
				A16556FC2D95B6CE004C05FA /* Sources */,
				A16556FD2D95B6CE004C05FA /* Frameworks */,
				A16556FE2D95B6CE004C05FA /* Resources */,
				BC7B0F8237A8306D8196F3B6 /* [CP] Embed Pods Frameworks */,
			);
			buildRules = (
			);
			dependencies = (
			);
			name = PtitSocialMedia;
			productName = PtitSocialMedia;
			productReference = A16557002D95B6CE004C05FA /* PtitSocialMedia.app */;
			productType = "com.apple.product-type.application";
		};
		A16557152D95B6D1004C05FA /* PtitSocialMediaTests */ = {
			isa = PBXNativeTarget;
			buildConfigurationList = A165572D2D95B6D1004C05FA /* Build configuration list for PBXNativeTarget "PtitSocialMediaTests" */;
			buildPhases = (
				A16557122D95B6D1004C05FA /* Sources */,
				A16557132D95B6D1004C05FA /* Frameworks */,
				A16557142D95B6D1004C05FA /* Resources */,
			);
			buildRules = (
			);
			dependencies = (
				A16557182D95B6D1004C05FA /* PBXTargetDependency */,
			);
			name = PtitSocialMediaTests;
			productName = PtitSocialMediaTests;
			productReference = A16557162D95B6D1004C05FA /* PtitSocialMediaTests.xctest */;
			productType = "com.apple.product-type.bundle.unit-test";
		};
		A165571F2D95B6D1004C05FA /* PtitSocialMediaUITests */ = {
			isa = PBXNativeTarget;
			buildConfigurationList = A16557302D95B6D1004C05FA /* Build configuration list for PBXNativeTarget "PtitSocialMediaUITests" */;
			buildPhases = (
				A165571C2D95B6D1004C05FA /* Sources */,
				A165571D2D95B6D1004C05FA /* Frameworks */,
				A165571E2D95B6D1004C05FA /* Resources */,
			);
			buildRules = (
			);
			dependencies = (
				A16557222D95B6D1004C05FA /* PBXTargetDependency */,
			);
			name = PtitSocialMediaUITests;
			productName = PtitSocialMediaUITests;
			productReference = A16557202D95B6D1004C05FA /* PtitSocialMediaUITests.xctest */;
			productType = "com.apple.product-type.bundle.ui-testing";
		};
/* End PBXNativeTarget section */

/* Begin PBXProject section */
		A16556F82D95B6CE004C05FA /* Project object */ = {
			isa = PBXProject;
			attributes = {
				BuildIndependentTargetsInParallel = 1;
				LastSwiftUpdateCheck = 1520;
				LastUpgradeCheck = 1520;
				TargetAttributes = {
					A16556FF2D95B6CE004C05FA = {
						CreatedOnToolsVersion = 15.2;
					};
					A16557152D95B6D1004C05FA = {
						CreatedOnToolsVersion = 15.2;
						TestTargetID = A16556FF2D95B6CE004C05FA;
					};
					A165571F2D95B6D1004C05FA = {
						CreatedOnToolsVersion = 15.2;
						TestTargetID = A16556FF2D95B6CE004C05FA;
					};
				};
			};
			buildConfigurationList = A16556FB2D95B6CE004C05FA /* Build configuration list for PBXProject "PtitSocialMedia" */;
			compatibilityVersion = "Xcode 15.0";
			developmentRegion = en;
			hasScannedForEncodings = 0;
			knownRegions = (
				en,
				Base,
			);
			mainGroup = A16556F72D95B6CE004C05FA;
			productRefGroup = A16557012D95B6CE004C05FA /* Products */;
			projectDirPath = "";
			projectRoot = "";
			targets = (
				A16556FF2D95B6CE004C05FA /* PtitSocialMedia */,
				A16557152D95B6D1004C05FA /* PtitSocialMediaTests */,
				A165571F2D95B6D1004C05FA /* PtitSocialMediaUITests */,
			);
		};
/* End PBXProject section */

/* Begin PBXResourcesBuildPhase section */
		A16556FE2D95B6CE004C05FA /* Resources */ = {
			isa = PBXResourcesBuildPhase;
			buildActionMask = 2147483647;
			files = (
				A16557102D95B6D0004C05FA /* LaunchScreen.storyboard in Resources */,
				A14BB9AF2D965571001B8B79 /* GoogleService-Info.plist in Resources */,
				A165570D2D95B6D0004C05FA /* Assets.xcassets in Resources */,
				A165570B2D95B6CE004C05FA /* Main.storyboard in Resources */,
			);
			runOnlyForDeploymentPostprocessing = 0;
		};
		A16557142D95B6D1004C05FA /* Resources */ = {
			isa = PBXResourcesBuildPhase;
			buildActionMask = 2147483647;
			files = (
			);
			runOnlyForDeploymentPostprocessing = 0;
		};
		A165571E2D95B6D1004C05FA /* Resources */ = {
			isa = PBXResourcesBuildPhase;
			buildActionMask = 2147483647;
			files = (
			);
			runOnlyForDeploymentPostprocessing = 0;
		};
/* End PBXResourcesBuildPhase section */

/* Begin PBXShellScriptBuildPhase section */
		09AFDFD2305191D2BAA84D61 /* [CP] Check Pods Manifest.lock */ = {
			isa = PBXShellScriptBuildPhase;
			buildActionMask = 2147483647;
			files = (
			);
			inputFileListPaths = (
			);
			inputPaths = (
				"${PODS_PODFILE_DIR_PATH}/Podfile.lock",
				"${PODS_ROOT}/Manifest.lock",
			);
			name = "[CP] Check Pods Manifest.lock";
			outputFileListPaths = (
			);
			outputPaths = (
				"$(DERIVED_FILE_DIR)/Pods-PtitSocialMedia-checkManifestLockResult.txt",
			);
			runOnlyForDeploymentPostprocessing = 0;
			shellPath = /bin/sh;
			shellScript = "diff \"${PODS_PODFILE_DIR_PATH}/Podfile.lock\" \"${PODS_ROOT}/Manifest.lock\" > /dev/null\nif [ $? != 0 ] ; then\n    # print error to STDERR\n    echo \"error: The sandbox is not in sync with the Podfile.lock. Run 'pod install' or update your CocoaPods installation.\" >&2\n    exit 1\nfi\n# This output is used by Xcode 'outputs' to avoid re-running this script phase.\necho \"SUCCESS\" > \"${SCRIPT_OUTPUT_FILE_0}\"\n";
			showEnvVarsInLog = 0;
		};
		BC7B0F8237A8306D8196F3B6 /* [CP] Embed Pods Frameworks */ = {
			isa = PBXShellScriptBuildPhase;
			buildActionMask = 2147483647;
			files = (
			);
			inputFileListPaths = (
				"${PODS_ROOT}/Target Support Files/Pods-PtitSocialMedia/Pods-PtitSocialMedia-frameworks-${CONFIGURATION}-input-files.xcfilelist",
			);
			name = "[CP] Embed Pods Frameworks";
			outputFileListPaths = (
				"${PODS_ROOT}/Target Support Files/Pods-PtitSocialMedia/Pods-PtitSocialMedia-frameworks-${CONFIGURATION}-output-files.xcfilelist",
			);
			runOnlyForDeploymentPostprocessing = 0;
			shellPath = /bin/sh;
			shellScript = "\"${PODS_ROOT}/Target Support Files/Pods-PtitSocialMedia/Pods-PtitSocialMedia-frameworks.sh\"\n";
			showEnvVarsInLog = 0;
		};
/* End PBXShellScriptBuildPhase section */

/* Begin PBXSourcesBuildPhase section */
		A16556FC2D95B6CE004C05FA /* Sources */ = {
			isa = PBXSourcesBuildPhase;
			buildActionMask = 2147483647;
			files = (
				A177F3472DCD101C001A6F98 /* CommentViewController.swift in Sources */,
				A14BB9A12D96459C001B8B79 /* EditProfileViewController.swift in Sources */,
				A13147BB2DB4A1440003FE72 /* PostModel.swift in Sources */,
				A14BB9902D96449F001B8B79 /* ExploreViewController.swift in Sources */,
				A14BB9922D9644AF001B8B79 /* CameraViewController.swift in Sources */,
				A16557082D95B6CE004C05FA /* HomeViewController.swift in Sources */,
				A127BCB02DBDD51200847A63 /* NoNotificationsView.swift in Sources */,
				A1F84A712DEC867700E70D30 /* PostRenderViewModel.swift in Sources */,
				A14BB99D2D96455B001B8B79 /* RegistrationViewController.swift in Sources */,
				A127BCB32DBDDF2A00847A63 /* NotificationFollowEventTableViewCell.swift in Sources */,
				A14BB9AB2D9646A8001B8B79 /* PostEditorViewController.swift in Sources */,
				A127BCAE2DBBE9D500847A63 /* UserFollowTableViewCell.swift in Sources */,
				A14BB9942D9644C5001B8B79 /* NotificationsViewController.swift in Sources */,
				A13147AE2DB162610003FE72 /* FormTableViewCell.swift in Sources */,
				A1F84A6D2DEB1A7200E70D30 /* EditProfileModel.swift in Sources */,
				A124201A2DACBC96009FFB6F /* FeedPostTableViewCell.swift in Sources */,
				A13147B72DB400720003FE72 /* ProfileTabsCollectionReusableView.swift in Sources */,
				A191ACAC2D96919100E004E0 /* DatabaseManager.swift in Sources */,
				A14BB99B2D964541001B8B79 /* LoginViewController.swift in Sources */,
				A1F84A6B2DEAFC5C00E70D30 /* StorageManager.swift in Sources */,
				A13147B32DB3FF440003FE72 /* PhotoCollectionViewCell.swift in Sources */,
				A14BB9962D9644E1001B8B79 /* ProfileViewController.swift in Sources */,
				A14BB9A72D9645E1001B8B79 /* SearchViewController.swift in Sources */,
				A12420212DACC0E2009FFB6F /* FeedPostActionsTableViewCell.swift in Sources */,
				A16557042D95B6CE004C05FA /* AppDelegate.swift in Sources */,
				A127BCB52DBDDF4300847A63 /* NotificationLikeEventTableViewCell.swift in Sources */,
				A191ACAE2D96938900E004E0 /* AuthManager.swift in Sources */,
				A13147B52DB4002C0003FE72 /* ProfileInfoHeaderCollectionReusableView.swift in Sources */,
				A16557062D95B6CE004C05FA /* SceneDelegate.swift in Sources */,
				A12420232DACC0FB009FFB6F /* FeedPostGeneralTableViewCell.swift in Sources */,
				A14BB99F2D96457D001B8B79 /* PostViewController.swift in Sources */,
				A14BB9A52D9645CB001B8B79 /* ListViewController.swift in Sources */,
				A14BB9A32D9645B0001B8B79 /* SettingsViewController.swift in Sources */,
				A191ACB22D96A52100E004E0 /* Extentions.swift in Sources */,
				A10D7A5E2DE698E0009D8E5E /* NotificationModel.swift in Sources */,
				A1F84A6F2DEC4AC000E70D30 /* UserModel.swift in Sources */,
				A124201F2DACC0C7009FFB6F /* FeedPostHeaderTableViewCell.swift in Sources */,
				A1535CCF2DF8784100A69D26 /* HomeFeedRenderViewModel.swift in Sources */,
			);
			runOnlyForDeploymentPostprocessing = 0;
		};
		A16557122D95B6D1004C05FA /* Sources */ = {
			isa = PBXSourcesBuildPhase;
			buildActionMask = 2147483647;
			files = (
				A165571B2D95B6D1004C05FA /* PtitSocialMediaTests.swift in Sources */,
			);
			runOnlyForDeploymentPostprocessing = 0;
		};
		A165571C2D95B6D1004C05FA /* Sources */ = {
			isa = PBXSourcesBuildPhase;
			buildActionMask = 2147483647;
			files = (
				A16557252D95B6D1004C05FA /* PtitSocialMediaUITests.swift in Sources */,
				A16557272D95B6D1004C05FA /* PtitSocialMediaUITestsLaunchTests.swift in Sources */,
			);
			runOnlyForDeploymentPostprocessing = 0;
		};
/* End PBXSourcesBuildPhase section */

/* Begin PBXTargetDependency section */
		A16557182D95B6D1004C05FA /* PBXTargetDependency */ = {
			isa = PBXTargetDependency;
			target = A16556FF2D95B6CE004C05FA /* PtitSocialMedia */;
			targetProxy = A16557172D95B6D1004C05FA /* PBXContainerItemProxy */;
		};
		A16557222D95B6D1004C05FA /* PBXTargetDependency */ = {
			isa = PBXTargetDependency;
			target = A16556FF2D95B6CE004C05FA /* PtitSocialMedia */;
			targetProxy = A16557212D95B6D1004C05FA /* PBXContainerItemProxy */;
		};
/* End PBXTargetDependency section */

/* Begin PBXVariantGroup section */
		A16557092D95B6CE004C05FA /* Main.storyboard */ = {
			isa = PBXVariantGroup;
			children = (
				A165570A2D95B6CE004C05FA /* Base */,
			);
			name = Main.storyboard;
			sourceTree = "<group>";
		};
		A165570E2D95B6D0004C05FA /* LaunchScreen.storyboard */ = {
			isa = PBXVariantGroup;
			children = (
				A165570F2D95B6D0004C05FA /* Base */,
			);
			name = LaunchScreen.storyboard;
			sourceTree = "<group>";
		};
/* End PBXVariantGroup section */

/* Begin XCBuildConfiguration section */
		A16557282D95B6D1004C05FA /* Debug */ = {
			isa = XCBuildConfiguration;
			buildSettings = {
				ALWAYS_SEARCH_USER_PATHS = NO;
				ASSETCATALOG_COMPILER_GENERATE_SWIFT_ASSET_SYMBOL_EXTENSIONS = YES;
				CLANG_ANALYZER_NONNULL = YES;
				CLANG_ANALYZER_NUMBER_OBJECT_CONVERSION = YES_AGGRESSIVE;
				CLANG_CXX_LANGUAGE_STANDARD = "gnu++20";
				CLANG_ENABLE_MODULES = YES;
				CLANG_ENABLE_OBJC_ARC = YES;
				CLANG_ENABLE_OBJC_WEAK = YES;
				CLANG_WARN_BLOCK_CAPTURE_AUTORELEASING = YES;
				CLANG_WARN_BOOL_CONVERSION = YES;
				CLANG_WARN_COMMA = YES;
				CLANG_WARN_CONSTANT_CONVERSION = YES;
				CLANG_WARN_DEPRECATED_OBJC_IMPLEMENTATIONS = YES;
				CLANG_WARN_DIRECT_OBJC_ISA_USAGE = YES_ERROR;
				CLANG_WARN_DOCUMENTATION_COMMENTS = YES;
				CLANG_WARN_EMPTY_BODY = YES;
				CLANG_WARN_ENUM_CONVERSION = YES;
				CLANG_WARN_INFINITE_RECURSION = YES;
				CLANG_WARN_INT_CONVERSION = YES;
				CLANG_WARN_NON_LITERAL_NULL_CONVERSION = YES;
				CLANG_WARN_OBJC_IMPLICIT_RETAIN_SELF = YES;
				CLANG_WARN_OBJC_LITERAL_CONVERSION = YES;
				CLANG_WARN_OBJC_ROOT_CLASS = YES_ERROR;
				CLANG_WARN_QUOTED_INCLUDE_IN_FRAMEWORK_HEADER = YES;
				CLANG_WARN_RANGE_LOOP_ANALYSIS = YES;
				CLANG_WARN_STRICT_PROTOTYPES = YES;
				CLANG_WARN_SUSPICIOUS_MOVE = YES;
				CLANG_WARN_UNGUARDED_AVAILABILITY = YES_AGGRESSIVE;
				CLANG_WARN_UNREACHABLE_CODE = YES;
				CLANG_WARN__DUPLICATE_METHOD_MATCH = YES;
				COPY_PHASE_STRIP = NO;
				DEBUG_INFORMATION_FORMAT = dwarf;
				ENABLE_STRICT_OBJC_MSGSEND = YES;
				ENABLE_TESTABILITY = YES;
				ENABLE_USER_SCRIPT_SANDBOXING = YES;
				GCC_C_LANGUAGE_STANDARD = gnu17;
				GCC_DYNAMIC_NO_PIC = NO;
				GCC_NO_COMMON_BLOCKS = YES;
				GCC_OPTIMIZATION_LEVEL = 0;
				GCC_PREPROCESSOR_DEFINITIONS = (
					"DEBUG=1",
					"$(inherited)",
				);
				GCC_WARN_64_TO_32_BIT_CONVERSION = YES;
				GCC_WARN_ABOUT_RETURN_TYPE = YES_ERROR;
				GCC_WARN_UNDECLARED_SELECTOR = YES;
				GCC_WARN_UNINITIALIZED_AUTOS = YES_AGGRESSIVE;
				GCC_WARN_UNUSED_FUNCTION = YES;
				GCC_WARN_UNUSED_VARIABLE = YES;
				IPHONEOS_DEPLOYMENT_TARGET = 17.2;
				LOCALIZATION_PREFERS_STRING_CATALOGS = YES;
				MTL_ENABLE_DEBUG_INFO = INCLUDE_SOURCE;
				MTL_FAST_MATH = YES;
				ONLY_ACTIVE_ARCH = YES;
				SDKROOT = iphoneos;
				SWIFT_ACTIVE_COMPILATION_CONDITIONS = "DEBUG $(inherited)";
				SWIFT_OPTIMIZATION_LEVEL = "-Onone";
			};
			name = Debug;
		};
		A16557292D95B6D1004C05FA /* Release */ = {
			isa = XCBuildConfiguration;
			buildSettings = {
				ALWAYS_SEARCH_USER_PATHS = NO;
				ASSETCATALOG_COMPILER_GENERATE_SWIFT_ASSET_SYMBOL_EXTENSIONS = YES;
				CLANG_ANALYZER_NONNULL = YES;
				CLANG_ANALYZER_NUMBER_OBJECT_CONVERSION = YES_AGGRESSIVE;
				CLANG_CXX_LANGUAGE_STANDARD = "gnu++20";
				CLANG_ENABLE_MODULES = YES;
				CLANG_ENABLE_OBJC_ARC = YES;
				CLANG_ENABLE_OBJC_WEAK = YES;
				CLANG_WARN_BLOCK_CAPTURE_AUTORELEASING = YES;
				CLANG_WARN_BOOL_CONVERSION = YES;
				CLANG_WARN_COMMA = YES;
				CLANG_WARN_CONSTANT_CONVERSION = YES;
				CLANG_WARN_DEPRECATED_OBJC_IMPLEMENTATIONS = YES;
				CLANG_WARN_DIRECT_OBJC_ISA_USAGE = YES_ERROR;
				CLANG_WARN_DOCUMENTATION_COMMENTS = YES;
				CLANG_WARN_EMPTY_BODY = YES;
				CLANG_WARN_ENUM_CONVERSION = YES;
				CLANG_WARN_INFINITE_RECURSION = YES;
				CLANG_WARN_INT_CONVERSION = YES;
				CLANG_WARN_NON_LITERAL_NULL_CONVERSION = YES;
				CLANG_WARN_OBJC_IMPLICIT_RETAIN_SELF = YES;
				CLANG_WARN_OBJC_LITERAL_CONVERSION = YES;
				CLANG_WARN_OBJC_ROOT_CLASS = YES_ERROR;
				CLANG_WARN_QUOTED_INCLUDE_IN_FRAMEWORK_HEADER = YES;
				CLANG_WARN_RANGE_LOOP_ANALYSIS = YES;
				CLANG_WARN_STRICT_PROTOTYPES = YES;
				CLANG_WARN_SUSPICIOUS_MOVE = YES;
				CLANG_WARN_UNGUARDED_AVAILABILITY = YES_AGGRESSIVE;
				CLANG_WARN_UNREACHABLE_CODE = YES;
				CLANG_WARN__DUPLICATE_METHOD_MATCH = YES;
				COPY_PHASE_STRIP = NO;
				DEBUG_INFORMATION_FORMAT = "dwarf-with-dsym";
				ENABLE_NS_ASSERTIONS = NO;
				ENABLE_STRICT_OBJC_MSGSEND = YES;
				ENABLE_USER_SCRIPT_SANDBOXING = YES;
				GCC_C_LANGUAGE_STANDARD = gnu17;
				GCC_NO_COMMON_BLOCKS = YES;
				GCC_WARN_64_TO_32_BIT_CONVERSION = YES;
				GCC_WARN_ABOUT_RETURN_TYPE = YES_ERROR;
				GCC_WARN_UNDECLARED_SELECTOR = YES;
				GCC_WARN_UNINITIALIZED_AUTOS = YES_AGGRESSIVE;
				GCC_WARN_UNUSED_FUNCTION = YES;
				GCC_WARN_UNUSED_VARIABLE = YES;
				IPHONEOS_DEPLOYMENT_TARGET = 17.2;
				LOCALIZATION_PREFERS_STRING_CATALOGS = YES;
				MTL_ENABLE_DEBUG_INFO = NO;
				MTL_FAST_MATH = YES;
				SDKROOT = iphoneos;
				SWIFT_COMPILATION_MODE = wholemodule;
				VALIDATE_PRODUCT = YES;
			};
			name = Release;
		};
		A165572B2D95B6D1004C05FA /* Debug */ = {
			isa = XCBuildConfiguration;
			baseConfigurationReference = 3DC9A5FDE2903FF3243FAB0E /* Pods-PtitSocialMedia.debug.xcconfig */;
			buildSettings = {
				ASSETCATALOG_COMPILER_APPICON_NAME = AppIcon;
				ASSETCATALOG_COMPILER_GLOBAL_ACCENT_COLOR_NAME = AccentColor;
				CODE_SIGN_STYLE = Automatic;
				CURRENT_PROJECT_VERSION = 1;
				ENABLE_USER_SCRIPT_SANDBOXING = NO;
				GENERATE_INFOPLIST_FILE = YES;
				INFOPLIST_FILE = PtitSocialMedia/Info.plist;
				INFOPLIST_KEY_UIApplicationSupportsIndirectInputEvents = YES;
				INFOPLIST_KEY_UILaunchStoryboardName = LaunchScreen;
				INFOPLIST_KEY_UIMainStoryboardFile = Main;
				INFOPLIST_KEY_UISupportedInterfaceOrientations = UIInterfaceOrientationPortrait;
				INFOPLIST_KEY_UISupportedInterfaceOrientations_iPad = "UIInterfaceOrientationLandscapeLeft UIInterfaceOrientationLandscapeRight UIInterfaceOrientationPortrait UIInterfaceOrientationPortraitUpsideDown";
				IPHONEOS_DEPLOYMENT_TARGET = 13.0;
				LD_RUNPATH_SEARCH_PATHS = (
					"$(inherited)",
					"@executable_path/Frameworks",
				);
				MARKETING_VERSION = 1.0;
				OTHER_LDFLAGS = (
					"$(inherited)",
					"-ObjC",
					"-l\"c++\"",
					"-l\"icucore\"",
					"-l\"sqlite3\"",
					"-l\"z\"",
					"-framework",
					"\"Appirater\"",
					"-framework",
					"\"CFNetwork\"",
					"-framework",
					"\"CoreTelephony\"",
					"-framework",
					"\"FBLPromises\"",
					"-framework",
					"\"FirebaseAnalytics\"",
					"-framework",
					"\"FirebaseAppCheckInterop\"",
					"-framework",
					"\"FirebaseAuth\"",
					"-framework",
					"\"FirebaseAuthInterop\"",
					"-framework",
					"\"FirebaseCore\"",
					"-framework",
					"\"FirebaseCoreExtension\"",
					"-framework",
					"\"FirebaseCoreInternal\"",
					"-framework",
					"\"FirebaseCrashlytics\"",
					"-framework",
					"\"FirebaseDatabase\"",
					"-framework",
					"\"FirebaseInstallations\"",
					"-framework",
					"\"FirebaseRemoteConfigInterop\"",
					"-framework",
					"\"FirebaseSessions\"",
					"-framework",
					"\"FirebaseSharedSwift\"",
					"-framework",
					"\"Foundation\"",
					"-framework",
					"\"GTMSessionFetcher\"",
					"-framework",
					"\"GoogleAppMeasurement\"",
					"-framework",
					"\"GoogleAppMeasurementIdentitySupport\"",
					"-framework",
					"\"GoogleDataTransport\"",
					"-framework",
					"\"GoogleUtilities\"",
					"-framework",
					"\"Promises\"",
					"-framework",
					"\"RecaptchaInterop\"",
					"-framework",
					"\"SafariServices\"",
					"-framework",
					"\"Security\"",
					"-framework",
					"\"StoreKit\"",
					"-framework",
					"\"SystemConfiguration\"",
					"-framework",
					"\"UIKit\"",
					"-framework",
					"\"leveldb\"",
					"-framework",
					"\"nanopb\"",
					"-weak_framework",
					"\"StoreKit\"",
					"\"-Wl,-no_warn_duplicate_libraries\"",
				);
				PRODUCT_BUNDLE_IDENTIFIER = com.an.PtitSocialMedia;
				PRODUCT_NAME = "$(TARGET_NAME)";
				SWIFT_EMIT_LOC_STRINGS = YES;
				SWIFT_VERSION = 5.0;
				TARGETED_DEVICE_FAMILY = "1,2";
			};
			name = Debug;
		};
		A165572C2D95B6D1004C05FA /* Release */ = {
			isa = XCBuildConfiguration;
			baseConfigurationReference = 7B30ECC4B1324572671565DF /* Pods-PtitSocialMedia.release.xcconfig */;
			buildSettings = {
				ASSETCATALOG_COMPILER_APPICON_NAME = AppIcon;
				ASSETCATALOG_COMPILER_GLOBAL_ACCENT_COLOR_NAME = AccentColor;
				CODE_SIGN_STYLE = Automatic;
				CURRENT_PROJECT_VERSION = 1;
				ENABLE_USER_SCRIPT_SANDBOXING = NO;
				GENERATE_INFOPLIST_FILE = YES;
				INFOPLIST_FILE = PtitSocialMedia/Info.plist;
				INFOPLIST_KEY_UIApplicationSupportsIndirectInputEvents = YES;
				INFOPLIST_KEY_UILaunchStoryboardName = LaunchScreen;
				INFOPLIST_KEY_UIMainStoryboardFile = Main;
				INFOPLIST_KEY_UISupportedInterfaceOrientations = UIInterfaceOrientationPortrait;
				INFOPLIST_KEY_UISupportedInterfaceOrientations_iPad = "UIInterfaceOrientationLandscapeLeft UIInterfaceOrientationLandscapeRight UIInterfaceOrientationPortrait UIInterfaceOrientationPortraitUpsideDown";
				IPHONEOS_DEPLOYMENT_TARGET = 13.0;
				LD_RUNPATH_SEARCH_PATHS = (
					"$(inherited)",
					"@executable_path/Frameworks",
				);
				MARKETING_VERSION = 1.0;
				OTHER_LDFLAGS = (
					"$(inherited)",
					"-ObjC",
					"-l\"c++\"",
					"-l\"icucore\"",
					"-l\"sqlite3\"",
					"-l\"z\"",
					"-framework",
					"\"Appirater\"",
					"-framework",
					"\"CFNetwork\"",
					"-framework",
					"\"CoreTelephony\"",
					"-framework",
					"\"FBLPromises\"",
					"-framework",
					"\"FirebaseAnalytics\"",
					"-framework",
					"\"FirebaseAppCheckInterop\"",
					"-framework",
					"\"FirebaseAuth\"",
					"-framework",
					"\"FirebaseAuthInterop\"",
					"-framework",
					"\"FirebaseCore\"",
					"-framework",
					"\"FirebaseCoreExtension\"",
					"-framework",
					"\"FirebaseCoreInternal\"",
					"-framework",
					"\"FirebaseCrashlytics\"",
					"-framework",
					"\"FirebaseDatabase\"",
					"-framework",
					"\"FirebaseInstallations\"",
					"-framework",
					"\"FirebaseRemoteConfigInterop\"",
					"-framework",
					"\"FirebaseSessions\"",
					"-framework",
					"\"FirebaseSharedSwift\"",
					"-framework",
					"\"Foundation\"",
					"-framework",
					"\"GTMSessionFetcher\"",
					"-framework",
					"\"GoogleAppMeasurement\"",
					"-framework",
					"\"GoogleAppMeasurementIdentitySupport\"",
					"-framework",
					"\"GoogleDataTransport\"",
					"-framework",
					"\"GoogleUtilities\"",
					"-framework",
					"\"Promises\"",
					"-framework",
					"\"RecaptchaInterop\"",
					"-framework",
					"\"SafariServices\"",
					"-framework",
					"\"Security\"",
					"-framework",
					"\"StoreKit\"",
					"-framework",
					"\"SystemConfiguration\"",
					"-framework",
					"\"UIKit\"",
					"-framework",
					"\"leveldb\"",
					"-framework",
					"\"nanopb\"",
					"-weak_framework",
					"\"StoreKit\"",
					"\"-Wl,-no_warn_duplicate_libraries\"",
				);
				PRODUCT_BUNDLE_IDENTIFIER = com.an.PtitSocialMedia;
				PRODUCT_NAME = "$(TARGET_NAME)";
				SWIFT_EMIT_LOC_STRINGS = YES;
				SWIFT_VERSION = 5.0;
				TARGETED_DEVICE_FAMILY = "1,2";
			};
			name = Release;
		};
		A165572E2D95B6D1004C05FA /* Debug */ = {
			isa = XCBuildConfiguration;
			buildSettings = {
				ALWAYS_EMBED_SWIFT_STANDARD_LIBRARIES = YES;
				BUNDLE_LOADER = "$(TEST_HOST)";
				CODE_SIGN_STYLE = Automatic;
				CURRENT_PROJECT_VERSION = 1;
				GENERATE_INFOPLIST_FILE = YES;
				IPHONEOS_DEPLOYMENT_TARGET = 17.2;
				MARKETING_VERSION = 1.0;
				PRODUCT_BUNDLE_IDENTIFIER = com.an.PtitSocialMediaTests;
				PRODUCT_NAME = "$(TARGET_NAME)";
				SWIFT_EMIT_LOC_STRINGS = NO;
				SWIFT_VERSION = 5.0;
				TARGETED_DEVICE_FAMILY = "1,2";
				TEST_HOST = "$(BUILT_PRODUCTS_DIR)/PtitSocialMedia.app/$(BUNDLE_EXECUTABLE_FOLDER_PATH)/PtitSocialMedia";
			};
			name = Debug;
		};
		A165572F2D95B6D1004C05FA /* Release */ = {
			isa = XCBuildConfiguration;
			buildSettings = {
				ALWAYS_EMBED_SWIFT_STANDARD_LIBRARIES = YES;
				BUNDLE_LOADER = "$(TEST_HOST)";
				CODE_SIGN_STYLE = Automatic;
				CURRENT_PROJECT_VERSION = 1;
				GENERATE_INFOPLIST_FILE = YES;
				IPHONEOS_DEPLOYMENT_TARGET = 17.2;
				MARKETING_VERSION = 1.0;
				PRODUCT_BUNDLE_IDENTIFIER = com.an.PtitSocialMediaTests;
				PRODUCT_NAME = "$(TARGET_NAME)";
				SWIFT_EMIT_LOC_STRINGS = NO;
				SWIFT_VERSION = 5.0;
				TARGETED_DEVICE_FAMILY = "1,2";
				TEST_HOST = "$(BUILT_PRODUCTS_DIR)/PtitSocialMedia.app/$(BUNDLE_EXECUTABLE_FOLDER_PATH)/PtitSocialMedia";
			};
			name = Release;
		};
		A16557312D95B6D1004C05FA /* Debug */ = {
			isa = XCBuildConfiguration;
			buildSettings = {
				ALWAYS_EMBED_SWIFT_STANDARD_LIBRARIES = YES;
				CODE_SIGN_STYLE = Automatic;
				CURRENT_PROJECT_VERSION = 1;
				GENERATE_INFOPLIST_FILE = YES;
				MARKETING_VERSION = 1.0;
				PRODUCT_BUNDLE_IDENTIFIER = com.an.PtitSocialMediaUITests;
				PRODUCT_NAME = "$(TARGET_NAME)";
				SWIFT_EMIT_LOC_STRINGS = NO;
				SWIFT_VERSION = 5.0;
				TARGETED_DEVICE_FAMILY = "1,2";
				TEST_TARGET_NAME = PtitSocialMedia;
			};
			name = Debug;
		};
		A16557322D95B6D1004C05FA /* Release */ = {
			isa = XCBuildConfiguration;
			buildSettings = {
				ALWAYS_EMBED_SWIFT_STANDARD_LIBRARIES = YES;
				CODE_SIGN_STYLE = Automatic;
				CURRENT_PROJECT_VERSION = 1;
				GENERATE_INFOPLIST_FILE = YES;
				MARKETING_VERSION = 1.0;
				PRODUCT_BUNDLE_IDENTIFIER = com.an.PtitSocialMediaUITests;
				PRODUCT_NAME = "$(TARGET_NAME)";
				SWIFT_EMIT_LOC_STRINGS = NO;
				SWIFT_VERSION = 5.0;
				TARGETED_DEVICE_FAMILY = "1,2";
				TEST_TARGET_NAME = PtitSocialMedia;
			};
			name = Release;
		};
/* End XCBuildConfiguration section */

/* Begin XCConfigurationList section */
		A16556FB2D95B6CE004C05FA /* Build configuration list for PBXProject "PtitSocialMedia" */ = {
			isa = XCConfigurationList;
			buildConfigurations = (
				A16557282D95B6D1004C05FA /* Debug */,
				A16557292D95B6D1004C05FA /* Release */,
			);
			defaultConfigurationIsVisible = 0;
			defaultConfigurationName = Release;
		};
		A165572A2D95B6D1004C05FA /* Build configuration list for PBXNativeTarget "PtitSocialMedia" */ = {
			isa = XCConfigurationList;
			buildConfigurations = (
				A165572B2D95B6D1004C05FA /* Debug */,
				A165572C2D95B6D1004C05FA /* Release */,
			);
			defaultConfigurationIsVisible = 0;
			defaultConfigurationName = Release;
		};
		A165572D2D95B6D1004C05FA /* Build configuration list for PBXNativeTarget "PtitSocialMediaTests" */ = {
			isa = XCConfigurationList;
			buildConfigurations = (
				A165572E2D95B6D1004C05FA /* Debug */,
				A165572F2D95B6D1004C05FA /* Release */,
			);
			defaultConfigurationIsVisible = 0;
			defaultConfigurationName = Release;
		};
		A16557302D95B6D1004C05FA /* Build configuration list for PBXNativeTarget "PtitSocialMediaUITests" */ = {
			isa = XCConfigurationList;
			buildConfigurations = (
				A16557312D95B6D1004C05FA /* Debug */,
				A16557322D95B6D1004C05FA /* Release */,
			);
			defaultConfigurationIsVisible = 0;
			defaultConfigurationName = Release;
		};
/* End XCConfigurationList section */
	};
	rootObject = A16556F82D95B6CE004C05FA /* Project object */;
}
